{
    "_meta": {
        "hash": {
            "sha256": "a081a0dfeb02accec34946ad350ac0454bfbfbea64f0ea12be118c2e3e758e13"
        },
        "pipfile-spec": 6,
        "requires": {
            "python_version": "3.9"
        },
        "sources": [
            {
                "name": "pypi",
                "url": "https://pypi.org/simple",
                "verify_ssl": true
            }
        ]
    },
    "default": {
        "colorama": {
            "hashes": [
                "sha256:5941b2b48a20143d2267e95b1c2a7603ce057ee39fd88e7329b0c292aa16869b",
                "sha256:9f47eda37229f68eee03b24b9748937c7dc3868f906e8ba69fbcbdd3bc5dc3e2"
            ],
            "markers": "platform_system == 'Windows'",
            "version": "==0.4.4"
        },
        "colorful": {
            "hashes": [
                "sha256:86848ad4e2eda60cd2519d8698945d22f6f6551e23e95f3f14dfbb60997807ea",
                "sha256:8d264b52a39aae4c0ba3e2a46afbaec81b0559a99be0d2cfe2aba4cf94531348"
            ],
            "index": "pypi",
            "version": "==0.5.4"
        }
    },
    "develop": {}
}
